
Microsoft Visual Studio Solution File, Format Version 12.00
# Visual Studio Version 16
VisualStudioVersion = 16.0.29509.3
MinimumVisualStudioVersion = 10.0.40219.1
Project("{FAE04EC0-301F-11D3-BF4B-00C04F79EFBC}") = "XmlDemos", "XmlDemos.csproj", "{94DC50EC-3B02-481A-A146-EAF230ED0A6F}"
EndProject
Global
	GlobalSection(SolutionConfigurationPlatforms) = preSolution
		Debug|Any CPU = Debug|Any CPU
		Release|Any CPU = Release|Any CPU
	EndGlobalSection
	GlobalSection(ProjectConfigurationPlatforms) = postSolution
		{94DC50EC-3B02-481A-A146-EAF230ED0A6F}.Debug|Any CPU.ActiveCfg = Debug|Any CPU
		{94DC50EC-3B02-481A-A146-EAF230ED0A6F}.Debug|Any CPU.Build.0 = Debug|Any CPU
		{94DC50EC-3B02-481A-A146-EAF230ED0A6F}.Release|Any CPU.ActiveCfg = Release|Any CPU
		{94DC50EC-3B02-481A-A146-EAF230ED0A6F}.Release|Any CPU.Build.0 = Release|Any CPU
	EndGlobalSection
	GlobalSection(SolutionProperties) = preSolution
		HideSolutionNode = FALSE
	EndGlobalSection
	GlobalSection(ExtensibilityGlobals) = postSolution
		SolutionGuid = {6F900EA1-D084-4D4E-A598-2AB8D553396E}
	EndGlobalSection
EndGlobal
