
Microsoft Visual Studio Solution File, Format Version 12.00
# Visual Studio Version 16
VisualStudioVersion = 16.0.29519.87
MinimumVisualStudioVersion = 10.0.40219.1
Project("{FAE04EC0-301F-11D3-BF4B-00C04F79EFBC}") = "PrototypePattern", "PrototypePattern\PrototypePattern.csproj", "{68D259E8-86CC-40F3-AF6D-898F6CF9A8AD}"
EndProject
Project("{FAE04EC0-301F-11D3-BF4B-00C04F79EFBC}") = "CompositePattern", "CompositePattern\CompositePattern.csproj", "{938AFC7B-404E-4D6E-B202-A6501D3F4B38}"
EndProject
Project("{FAE04EC0-301F-11D3-BF4B-00C04F79EFBC}") = "TemplatePattern", "TemplatePattern\TemplatePattern.csproj", "{8E621459-8950-4A46-8C3E-5B9807115CF6}"
EndProject
Global
	GlobalSection(SolutionConfigurationPlatforms) = preSolution
		Debug|Any CPU = Debug|Any CPU
		Release|Any CPU = Release|Any CPU
	EndGlobalSection
	GlobalSection(ProjectConfigurationPlatforms) = postSolution
		{68D259E8-86CC-40F3-AF6D-898F6CF9A8AD}.Debug|Any CPU.ActiveCfg = Debug|Any CPU
		{68D259E8-86CC-40F3-AF6D-898F6CF9A8AD}.Debug|Any CPU.Build.0 = Debug|Any CPU
		{68D259E8-86CC-40F3-AF6D-898F6CF9A8AD}.Release|Any CPU.ActiveCfg = Release|Any CPU
		{68D259E8-86CC-40F3-AF6D-898F6CF9A8AD}.Release|Any CPU.Build.0 = Release|Any CPU
		{938AFC7B-404E-4D6E-B202-A6501D3F4B38}.Debug|Any CPU.ActiveCfg = Debug|Any CPU
		{938AFC7B-404E-4D6E-B202-A6501D3F4B38}.Debug|Any CPU.Build.0 = Debug|Any CPU
		{938AFC7B-404E-4D6E-B202-A6501D3F4B38}.Release|Any CPU.ActiveCfg = Release|Any CPU
		{938AFC7B-404E-4D6E-B202-A6501D3F4B38}.Release|Any CPU.Build.0 = Release|Any CPU
		{8E621459-8950-4A46-8C3E-5B9807115CF6}.Debug|Any CPU.ActiveCfg = Debug|Any CPU
		{8E621459-8950-4A46-8C3E-5B9807115CF6}.Debug|Any CPU.Build.0 = Debug|Any CPU
		{8E621459-8950-4A46-8C3E-5B9807115CF6}.Release|Any CPU.ActiveCfg = Release|Any CPU
		{8E621459-8950-4A46-8C3E-5B9807115CF6}.Release|Any CPU.Build.0 = Release|Any CPU
	EndGlobalSection
	GlobalSection(SolutionProperties) = preSolution
		HideSolutionNode = FALSE
	EndGlobalSection
	GlobalSection(ExtensibilityGlobals) = postSolution
		SolutionGuid = {FDD63B1B-0D85-467B-9E86-FE52D7094B7D}
	EndGlobalSection
EndGlobal
