
Microsoft Visual Studio Solution File, Format Version 12.00
# Visual Studio Version 16
VisualStudioVersion = 16.0.29418.71
MinimumVisualStudioVersion = 10.0.40219.1
Project("{FAE04EC0-301F-11D3-BF4B-00C04F79EFBC}") = "01.InitialSetup", "01.InitialSetup\01.InitialSetup.csproj", "{062CD9FA-C0AB-41BB-ABBE-335971695C34}"
EndProject
Project("{FAE04EC0-301F-11D3-BF4B-00C04F79EFBC}") = "02. Villian Names", "02. Villian Names\02. Villian Names.csproj", "{9E3B93EF-33AA-4052-8354-B3B45D78BFE9}"
EndProject
Project("{FAE04EC0-301F-11D3-BF4B-00C04F79EFBC}") = "06. Remove Villian", "06. Remove Villian\06. Remove Villian.csproj", "{554DEE63-0C5E-4661-A498-55E23E1B5A9C}"
EndProject
Global
	GlobalSection(SolutionConfigurationPlatforms) = preSolution
		Debug|Any CPU = Debug|Any CPU
		Release|Any CPU = Release|Any CPU
	EndGlobalSection
	GlobalSection(ProjectConfigurationPlatforms) = postSolution
		{062CD9FA-C0AB-41BB-ABBE-335971695C34}.Debug|Any CPU.ActiveCfg = Debug|Any CPU
		{062CD9FA-C0AB-41BB-ABBE-335971695C34}.Debug|Any CPU.Build.0 = Debug|Any CPU
		{062CD9FA-C0AB-41BB-ABBE-335971695C34}.Release|Any CPU.ActiveCfg = Release|Any CPU
		{062CD9FA-C0AB-41BB-ABBE-335971695C34}.Release|Any CPU.Build.0 = Release|Any CPU
		{9E3B93EF-33AA-4052-8354-B3B45D78BFE9}.Debug|Any CPU.ActiveCfg = Debug|Any CPU
		{9E3B93EF-33AA-4052-8354-B3B45D78BFE9}.Debug|Any CPU.Build.0 = Debug|Any CPU
		{9E3B93EF-33AA-4052-8354-B3B45D78BFE9}.Release|Any CPU.ActiveCfg = Release|Any CPU
		{9E3B93EF-33AA-4052-8354-B3B45D78BFE9}.Release|Any CPU.Build.0 = Release|Any CPU
		{554DEE63-0C5E-4661-A498-55E23E1B5A9C}.Debug|Any CPU.ActiveCfg = Debug|Any CPU
		{554DEE63-0C5E-4661-A498-55E23E1B5A9C}.Debug|Any CPU.Build.0 = Debug|Any CPU
		{554DEE63-0C5E-4661-A498-55E23E1B5A9C}.Release|Any CPU.ActiveCfg = Release|Any CPU
		{554DEE63-0C5E-4661-A498-55E23E1B5A9C}.Release|Any CPU.Build.0 = Release|Any CPU
	EndGlobalSection
	GlobalSection(SolutionProperties) = preSolution
		HideSolutionNode = FALSE
	EndGlobalSection
	GlobalSection(ExtensibilityGlobals) = postSolution
		SolutionGuid = {18996B86-763A-4D8F-A2C3-3CCC17700FC5}
	EndGlobalSection
EndGlobal
