
Microsoft Visual Studio Solution File, Format Version 12.00
# Visual Studio Version 16
VisualStudioVersion = 16.0.29509.3
MinimumVisualStudioVersion = 10.0.40219.1
Project("{FAE04EC0-301F-11D3-BF4B-00C04F79EFBC}") = "JSONDemo", "JSONDemo.csproj", "{1B634702-69FE-4243-9586-8BEB31A71E58}"
EndProject
Global
	GlobalSection(SolutionConfigurationPlatforms) = preSolution
		Debug|Any CPU = Debug|Any CPU
		Release|Any CPU = Release|Any CPU
	EndGlobalSection
	GlobalSection(ProjectConfigurationPlatforms) = postSolution
		{1B634702-69FE-4243-9586-8BEB31A71E58}.Debug|Any CPU.ActiveCfg = Debug|Any CPU
		{1B634702-69FE-4243-9586-8BEB31A71E58}.Debug|Any CPU.Build.0 = Debug|Any CPU
		{1B634702-69FE-4243-9586-8BEB31A71E58}.Release|Any CPU.ActiveCfg = Release|Any CPU
		{1B634702-69FE-4243-9586-8BEB31A71E58}.Release|Any CPU.Build.0 = Release|Any CPU
	EndGlobalSection
	GlobalSection(SolutionProperties) = preSolution
		HideSolutionNode = FALSE
	EndGlobalSection
	GlobalSection(ExtensibilityGlobals) = postSolution
		SolutionGuid = {8AD52D7F-6704-452F-BBB4-3028E71F7515}
	EndGlobalSection
EndGlobal
